
Microsoft Visual Studio Solution File, Format Version 12.00
# Visual Studio Version 17
VisualStudioVersion = 17.7.34202.233
MinimumVisualStudioVersion = 10.0.40219.1
Project("{FAE04EC0-301F-11D3-BF4B-00C04F79EFBC}") = "Şirket Personel Veri Tabanı", "Şirket Personel Veri Tabanı\Şirket Personel Veri Tabanı.csproj", "{03775FD0-07AA-4060-8EFA-B23114654659}"
EndProject
Global
	GlobalSection(SolutionConfigurationPlatforms) = preSolution
		Debug|Any CPU = Debug|Any CPU
		Release|Any CPU = Release|Any CPU
	EndGlobalSection
	GlobalSection(ProjectConfigurationPlatforms) = postSolution
		{03775FD0-07AA-4060-8EFA-B23114654659}.Debug|Any CPU.ActiveCfg = Debug|Any CPU
		{03775FD0-07AA-4060-8EFA-B23114654659}.Debug|Any CPU.Build.0 = Debug|Any CPU
		{03775FD0-07AA-4060-8EFA-B23114654659}.Release|Any CPU.ActiveCfg = Release|Any CPU
		{03775FD0-07AA-4060-8EFA-B23114654659}.Release|Any CPU.Build.0 = Release|Any CPU
	EndGlobalSection
	GlobalSection(SolutionProperties) = preSolution
		HideSolutionNode = FALSE
	EndGlobalSection
	GlobalSection(ExtensibilityGlobals) = postSolution
		SolutionGuid = {63DC7EDE-B4DE-4A2F-A014-F8FF5E2F0016}
	EndGlobalSection
EndGlobal
